<?xml version="1.0" encoding="utf-8"?>
<Project ToolsVersion="4.0" xmlns="http://schemas.microsoft.com/developer/msbuild/2003">
  <ItemGroup>
    <Filter Include="Source Files">
      <UniqueIdentifier>{4FC737F1-C7A5-4376-A066-2A32D752A2FF}</UniqueIdentifier>
      <Extensions>cpp;c;cc;cxx;def;odl;idl;hpj;bat;asm;asmx</Extensions>
    </Filter>
    <Filter Include="Header Files">
      <UniqueIdentifier>{93995380-89BD-4b04-88EB-625FBE52EBFB}</UniqueIdentifier>
      <Extensions>h;hh;hpp;hxx;hm;inl;inc;xsd</Extensions>
    </Filter>
    <Filter Include="Resource Files">
      <UniqueIdentifier>{67DA6AB6-F800-4c08-8B7A-83BB121AAD01}</UniqueIdentifier>
      <Extensions>rc;ico;cur;bmp;dlg;rc2;rct;bin;rgs;gif;jpg;jpeg;jpe;resx;tiff;tif;png;wav;mfcribbon-ms</Extensions>
    </Filter>
    <Filter Include="Source Files\Test">
      <UniqueIdentifier>{c17cd012-bfdc-4cd5-9824-9a55348d6a88}</UniqueIdentifier>
    </Filter>
    <Filter Include="Source Files\Events">
      <UniqueIdentifier>{082849cd-c5d4-4487-b4c7-4072b9170c75}</UniqueIdentifier>
    </Filter>
    <Filter Include="Header Files\Events">
      <UniqueIdentifier>{a0999e86-c129-46ed-acaf-0880f4b7a7a5}</UniqueIdentifier>
    </Filter>
    <Filter Include="Header Files\Mangers">
      <UniqueIdentifier>{a4e66263-1a7f-4d2a-ab24-a54733a10ec0}</UniqueIdentifier>
    </Filter>
    <Filter Include="Source Files\Managers">
      <UniqueIdentifier>{f744ebcb-cb75-4682-895a-6dd97c32a152}</UniqueIdentifier>
    </Filter>
    <Filter Include="Source Files\Object">
      <UniqueIdentifier>{56e14fb8-ccbd-43e8-96e5-5812c91c6d6a}</UniqueIdentifier>
    </Filter>
    <Filter Include="Header Files\Object">
      <UniqueIdentifier>{bbb5d6d5-6131-4bb2-9cdb-ce442f02127d}</UniqueIdentifier>
    </Filter>
    <Filter Include="Source Files\Utility">
      <UniqueIdentifier>{5eb271be-a6e3-4866-ad8a-cfc2c98b1d61}</UniqueIdentifier>
    </Filter>
    <Filter Include="Header Files\Utility">
      <UniqueIdentifier>{ec34be40-6cb2-4dfb-906f-fe4c60cc2520}</UniqueIdentifier>
    </Filter>
  </ItemGroup>
  <ItemGroup>
    <ClInclude Include="Test.h">
      <Filter>Source Files\Test</Filter>
    </ClInclude>
    <ClInclude Include="Event.h">
      <Filter>Header Files\Events</Filter>
    </ClInclude>
    <ClInclude Include="EventStep.h">
      <Filter>Header Files\Events</Filter>
    </ClInclude>
    <ClInclude Include="GameManager.h">
      <Filter>Header Files\Mangers</Filter>
    </ClInclude>
    <ClInclude Include="LogManager.h">
      <Filter>Header Files\Mangers</Filter>
    </ClInclude>
    <ClInclude Include="Manager.h">
      <Filter>Header Files\Mangers</Filter>
    </ClInclude>
    <ClInclude Include="WorldManager.h">
      <Filter>Header Files\Mangers</Filter>
    </ClInclude>
    <ClInclude Include="Object.h">
      <Filter>Header Files\Object</Filter>
    </ClInclude>
    <ClInclude Include="ObjectList.h">
      <Filter>Header Files\Object</Filter>
    </ClInclude>
    <ClInclude Include="ObjectListIterator.h">
      <Filter>Header Files\Object</Filter>
    </ClInclude>
    <ClInclude Include="Position.h">
      <Filter>Header Files\Utility</Filter>
    </ClInclude>
    <ClInclude Include="Clock.h">
      <Filter>Header Files\Utility</Filter>
    </ClInclude>
    <ClInclude Include="Utility.h">
      <Filter>Header Files\Utility</Filter>
    </ClInclude>
    <ClInclude Include="GraphicsManager.h">
      <Filter>Header Files\Mangers</Filter>
    </ClInclude>
    <ClInclude Include="InputManager.h">
      <Filter>Header Files\Mangers</Filter>
    </ClInclude>
  </ItemGroup>
  <ItemGroup>
    <ClCompile Include="Test.cpp">
      <Filter>Source Files\Test</Filter>
    </ClCompile>
    <ClCompile Include="Event.cpp">
      <Filter>Source Files\Events</Filter>
    </ClCompile>
    <ClCompile Include="EventStep.cpp">
      <Filter>Source Files\Events</Filter>
    </ClCompile>
    <ClCompile Include="GameManager.cpp">
      <Filter>Source Files\Managers</Filter>
    </ClCompile>
    <ClCompile Include="LogManager.cpp">
      <Filter>Source Files\Managers</Filter>
    </ClCompile>
    <ClCompile Include="Manager.cpp">
      <Filter>Source Files\Managers</Filter>
    </ClCompile>
    <ClCompile Include="WorldManager.cpp">
      <Filter>Source Files\Managers</Filter>
    </ClCompile>
    <ClCompile Include="Main.cpp">
      <Filter>Source Files\Test</Filter>
    </ClCompile>
    <ClCompile Include="Object.cpp">
      <Filter>Source Files\Object</Filter>
    </ClCompile>
    <ClCompile Include="ObjectList.cpp">
      <Filter>Source Files\Object</Filter>
    </ClCompile>
    <ClCompile Include="ObjectListIterator.cpp">
      <Filter>Source Files\Object</Filter>
    </ClCompile>
    <ClCompile Include="Clock.cpp">
      <Filter>Source Files\Utility</Filter>
    </ClCompile>
    <ClCompile Include="Position.cpp">
      <Filter>Source Files\Utility</Filter>
    </ClCompile>
    <ClCompile Include="Utility.cpp">
      <Filter>Source Files\Utility</Filter>
    </ClCompile>
    <ClCompile Include="GraphicsManager.cpp">
      <Filter>Source Files\Managers</Filter>
    </ClCompile>
    <ClCompile Include="InputManger.cpp">
      <Filter>Source Files\Managers</Filter>
    </ClCompile>
  </ItemGroup>
</Project>